
Microsoft Visual Studio Solution File, Format Version 12.00
# Visual Studio 15
VisualStudioVersion = 15.0.28307.489
MinimumVisualStudioVersion = 10.0.40219.1
Project("{8BC9CEB8-8B4A-11D0-8D11-00A0C91BC942}") = "MyTrix", "MyTrix\MyTrix.vcxproj", "{255C7E4F-55BF-4A4B-A13C-DD990C4DD8CF}"
EndProject
Project("{8BC9CEB8-8B4A-11D0-8D11-00A0C91BC942}") = "tests", "tests\tests.vcxproj", "{D1CE4356-F048-4B47-9E63-BC89C4207B24}"
EndProject
Global
	GlobalSection(SolutionConfigurationPlatforms) = preSolution
		Debug|x64 = Debug|x64
		Debug|x86 = Debug|x86
		Release|x64 = Release|x64
		Release|x86 = Release|x86
	EndGlobalSection
	GlobalSection(ProjectConfigurationPlatforms) = postSolution
		{255C7E4F-55BF-4A4B-A13C-DD990C4DD8CF}.Debug|x64.ActiveCfg = Debug|x64
		{255C7E4F-55BF-4A4B-A13C-DD990C4DD8CF}.Debug|x64.Build.0 = Debug|x64
		{255C7E4F-55BF-4A4B-A13C-DD990C4DD8CF}.Debug|x86.ActiveCfg = Debug|Win32
		{255C7E4F-55BF-4A4B-A13C-DD990C4DD8CF}.Debug|x86.Build.0 = Debug|Win32
		{255C7E4F-55BF-4A4B-A13C-DD990C4DD8CF}.Release|x64.ActiveCfg = Release|x64
		{255C7E4F-55BF-4A4B-A13C-DD990C4DD8CF}.Release|x64.Build.0 = Release|x64
		{255C7E4F-55BF-4A4B-A13C-DD990C4DD8CF}.Release|x86.ActiveCfg = Release|Win32
		{255C7E4F-55BF-4A4B-A13C-DD990C4DD8CF}.Release|x86.Build.0 = Release|Win32
		{D1CE4356-F048-4B47-9E63-BC89C4207B24}.Debug|x64.ActiveCfg = Debug|x64
		{D1CE4356-F048-4B47-9E63-BC89C4207B24}.Debug|x64.Build.0 = Debug|x64
		{D1CE4356-F048-4B47-9E63-BC89C4207B24}.Debug|x86.ActiveCfg = Debug|Win32
		{D1CE4356-F048-4B47-9E63-BC89C4207B24}.Debug|x86.Build.0 = Debug|Win32
		{D1CE4356-F048-4B47-9E63-BC89C4207B24}.Release|x64.ActiveCfg = Release|x64
		{D1CE4356-F048-4B47-9E63-BC89C4207B24}.Release|x64.Build.0 = Release|x64
		{D1CE4356-F048-4B47-9E63-BC89C4207B24}.Release|x86.ActiveCfg = Release|Win32
		{D1CE4356-F048-4B47-9E63-BC89C4207B24}.Release|x86.Build.0 = Release|Win32
	EndGlobalSection
	GlobalSection(SolutionProperties) = preSolution
		HideSolutionNode = FALSE
	EndGlobalSection
	GlobalSection(ExtensibilityGlobals) = postSolution
		SolutionGuid = {0D2EFF4B-4179-4D0B-BF4F-81FDFADAC646}
	EndGlobalSection
EndGlobal
